
Microsoft Visual Studio Solution File, Format Version 12.00
# Visual Studio 14
VisualStudioVersion = 14.0.25420.1
MinimumVisualStudioVersion = 10.0.40219.1
Project("{FAE04EC0-301F-11D3-BF4B-00C04F79EFBC}") = "EFEntity", "EFEntity\EFEntity.csproj", "{57789F7A-8514-4C90-9675-8CE79C1D94BC}"
EndProject
Project("{FAE04EC0-301F-11D3-BF4B-00C04F79EFBC}") = "IBLL", "IBLL\IBLL.csproj", "{FBC9A9C9-91F5-4B63-96E0-FFFF650ED407}"
EndProject
Project("{FAE04EC0-301F-11D3-BF4B-00C04F79EFBC}") = "BLL", "BLL\BLL.csproj", "{DABCD74C-0782-47D3-93B4-48F93FCB1E91}"
EndProject
Project("{FAE04EC0-301F-11D3-BF4B-00C04F79EFBC}") = "IDAO", "IDAO\IDAO.csproj", "{E3117B8A-9BB0-4F4F-ABF1-BAB3C1D51FE9}"
EndProject
Project("{FAE04EC0-301F-11D3-BF4B-00C04F79EFBC}") = "DAO", "DAO\DAO.csproj", "{4924BA36-D498-439D-AC01-767D0CAF6BBB}"
EndProject
Project("{FAE04EC0-301F-11D3-BF4B-00C04F79EFBC}") = "Ioc", "Ioc\Ioc.csproj", "{34728DB8-D4EA-4178-BA01-F1339C69812B}"
EndProject
Project("{FAE04EC0-301F-11D3-BF4B-00C04F79EFBC}") = "Log", "Log\Log.csproj", "{29C260CD-7E89-4238-A18C-B1F2FEF38D31}"
EndProject
Project("{FAE04EC0-301F-11D3-BF4B-00C04F79EFBC}") = "Model", "Model\Model.csproj", "{9B02F0D3-DDA5-4EF1-BAE6-DEB560BE719B}"
EndProject
Project("{FAE04EC0-301F-11D3-BF4B-00C04F79EFBC}") = "HR", "HR\HR.csproj", "{9E520E33-C604-4BA5-BB14-D7DB583F0CB6}"
EndProject
Global
	GlobalSection(SolutionConfigurationPlatforms) = preSolution
		Debug|Any CPU = Debug|Any CPU
		Release|Any CPU = Release|Any CPU
	EndGlobalSection
	GlobalSection(ProjectConfigurationPlatforms) = postSolution
		{57789F7A-8514-4C90-9675-8CE79C1D94BC}.Debug|Any CPU.ActiveCfg = Debug|Any CPU
		{57789F7A-8514-4C90-9675-8CE79C1D94BC}.Debug|Any CPU.Build.0 = Debug|Any CPU
		{57789F7A-8514-4C90-9675-8CE79C1D94BC}.Release|Any CPU.ActiveCfg = Release|Any CPU
		{57789F7A-8514-4C90-9675-8CE79C1D94BC}.Release|Any CPU.Build.0 = Release|Any CPU
		{FBC9A9C9-91F5-4B63-96E0-FFFF650ED407}.Debug|Any CPU.ActiveCfg = Debug|Any CPU
		{FBC9A9C9-91F5-4B63-96E0-FFFF650ED407}.Debug|Any CPU.Build.0 = Debug|Any CPU
		{FBC9A9C9-91F5-4B63-96E0-FFFF650ED407}.Release|Any CPU.ActiveCfg = Release|Any CPU
		{FBC9A9C9-91F5-4B63-96E0-FFFF650ED407}.Release|Any CPU.Build.0 = Release|Any CPU
		{DABCD74C-0782-47D3-93B4-48F93FCB1E91}.Debug|Any CPU.ActiveCfg = Debug|Any CPU
		{DABCD74C-0782-47D3-93B4-48F93FCB1E91}.Debug|Any CPU.Build.0 = Debug|Any CPU
		{DABCD74C-0782-47D3-93B4-48F93FCB1E91}.Release|Any CPU.ActiveCfg = Release|Any CPU
		{DABCD74C-0782-47D3-93B4-48F93FCB1E91}.Release|Any CPU.Build.0 = Release|Any CPU
		{E3117B8A-9BB0-4F4F-ABF1-BAB3C1D51FE9}.Debug|Any CPU.ActiveCfg = Debug|Any CPU
		{E3117B8A-9BB0-4F4F-ABF1-BAB3C1D51FE9}.Debug|Any CPU.Build.0 = Debug|Any CPU
		{E3117B8A-9BB0-4F4F-ABF1-BAB3C1D51FE9}.Release|Any CPU.ActiveCfg = Release|Any CPU
		{E3117B8A-9BB0-4F4F-ABF1-BAB3C1D51FE9}.Release|Any CPU.Build.0 = Release|Any CPU
		{4924BA36-D498-439D-AC01-767D0CAF6BBB}.Debug|Any CPU.ActiveCfg = Debug|Any CPU
		{4924BA36-D498-439D-AC01-767D0CAF6BBB}.Debug|Any CPU.Build.0 = Debug|Any CPU
		{4924BA36-D498-439D-AC01-767D0CAF6BBB}.Release|Any CPU.ActiveCfg = Release|Any CPU
		{4924BA36-D498-439D-AC01-767D0CAF6BBB}.Release|Any CPU.Build.0 = Release|Any CPU
		{34728DB8-D4EA-4178-BA01-F1339C69812B}.Debug|Any CPU.ActiveCfg = Debug|Any CPU
		{34728DB8-D4EA-4178-BA01-F1339C69812B}.Debug|Any CPU.Build.0 = Debug|Any CPU
		{34728DB8-D4EA-4178-BA01-F1339C69812B}.Release|Any CPU.ActiveCfg = Release|Any CPU
		{34728DB8-D4EA-4178-BA01-F1339C69812B}.Release|Any CPU.Build.0 = Release|Any CPU
		{29C260CD-7E89-4238-A18C-B1F2FEF38D31}.Debug|Any CPU.ActiveCfg = Debug|Any CPU
		{29C260CD-7E89-4238-A18C-B1F2FEF38D31}.Debug|Any CPU.Build.0 = Debug|Any CPU
		{29C260CD-7E89-4238-A18C-B1F2FEF38D31}.Release|Any CPU.ActiveCfg = Release|Any CPU
		{29C260CD-7E89-4238-A18C-B1F2FEF38D31}.Release|Any CPU.Build.0 = Release|Any CPU
		{9B02F0D3-DDA5-4EF1-BAE6-DEB560BE719B}.Debug|Any CPU.ActiveCfg = Debug|Any CPU
		{9B02F0D3-DDA5-4EF1-BAE6-DEB560BE719B}.Debug|Any CPU.Build.0 = Debug|Any CPU
		{9B02F0D3-DDA5-4EF1-BAE6-DEB560BE719B}.Release|Any CPU.ActiveCfg = Release|Any CPU
		{9B02F0D3-DDA5-4EF1-BAE6-DEB560BE719B}.Release|Any CPU.Build.0 = Release|Any CPU
		{9E520E33-C604-4BA5-BB14-D7DB583F0CB6}.Debug|Any CPU.ActiveCfg = Debug|Any CPU
		{9E520E33-C604-4BA5-BB14-D7DB583F0CB6}.Debug|Any CPU.Build.0 = Debug|Any CPU
		{9E520E33-C604-4BA5-BB14-D7DB583F0CB6}.Release|Any CPU.ActiveCfg = Release|Any CPU
		{9E520E33-C604-4BA5-BB14-D7DB583F0CB6}.Release|Any CPU.Build.0 = Release|Any CPU
	EndGlobalSection
	GlobalSection(SolutionProperties) = preSolution
		HideSolutionNode = FALSE
	EndGlobalSection
EndGlobal
